
Microsoft Visual Studio Solution File, Format Version 12.00
# Visual Studio Version 17
VisualStudioVersion = 17.8.34330.188
MinimumVisualStudioVersion = 10.0.40219.1
Project("{FAE04EC0-301F-11D3-BF4B-00C04F79EFBC}") = "App1.UWP", "App1\App1.UWP\App1.UWP.csproj", "{E3A1945E-7408-4C86-8FEF-FA27AFCD2F56}"
EndProject
Project("{FAE04EC0-301F-11D3-BF4B-00C04F79EFBC}") = "App1.Android", "App1\App1.Android\App1.Android.csproj", "{A54DF0CC-37A4-4717-9361-7125CE3D7BA0}"
EndProject
Project("{FAE04EC0-301F-11D3-BF4B-00C04F79EFBC}") = "App1.iOS", "App1\App1.iOS\App1.iOS.csproj", "{84B0AA20-93A9-426A-ACCF-4FDA792CA2A7}"
EndProject
Project("{FAE04EC0-301F-11D3-BF4B-00C04F79EFBC}") = "App1", "App1\App1\App1.csproj", "{137E5367-34D4-425E-9DAC-B1D5BBDD7477}"
EndProject
Global
	GlobalSection(SolutionConfigurationPlatforms) = preSolution
		Debug|Any CPU = Debug|Any CPU
		Debug|ARM = Debug|ARM
		Debug|iPhone = Debug|iPhone
		Debug|iPhoneSimulator = Debug|iPhoneSimulator
		Debug|x64 = Debug|x64
		Debug|x86 = Debug|x86
		Release|Any CPU = Release|Any CPU
		Release|ARM = Release|ARM
		Release|iPhone = Release|iPhone
		Release|iPhoneSimulator = Release|iPhoneSimulator
		Release|x64 = Release|x64
		Release|x86 = Release|x86
	EndGlobalSection
	GlobalSection(ProjectConfigurationPlatforms) = postSolution
		{E3A1945E-7408-4C86-8FEF-FA27AFCD2F56}.Debug|Any CPU.ActiveCfg = Debug|x64
		{E3A1945E-7408-4C86-8FEF-FA27AFCD2F56}.Debug|Any CPU.Build.0 = Debug|x64
		{E3A1945E-7408-4C86-8FEF-FA27AFCD2F56}.Debug|Any CPU.Deploy.0 = Debug|x64
		{E3A1945E-7408-4C86-8FEF-FA27AFCD2F56}.Debug|ARM.ActiveCfg = Debug|ARM
		{E3A1945E-7408-4C86-8FEF-FA27AFCD2F56}.Debug|ARM.Build.0 = Debug|ARM
		{E3A1945E-7408-4C86-8FEF-FA27AFCD2F56}.Debug|ARM.Deploy.0 = Debug|ARM
		{E3A1945E-7408-4C86-8FEF-FA27AFCD2F56}.Debug|iPhone.ActiveCfg = Debug|x64
		{E3A1945E-7408-4C86-8FEF-FA27AFCD2F56}.Debug|iPhone.Build.0 = Debug|x64
		{E3A1945E-7408-4C86-8FEF-FA27AFCD2F56}.Debug|iPhone.Deploy.0 = Debug|x64
		{E3A1945E-7408-4C86-8FEF-FA27AFCD2F56}.Debug|iPhoneSimulator.ActiveCfg = Debug|x64
		{E3A1945E-7408-4C86-8FEF-FA27AFCD2F56}.Debug|iPhoneSimulator.Build.0 = Debug|x64
		{E3A1945E-7408-4C86-8FEF-FA27AFCD2F56}.Debug|iPhoneSimulator.Deploy.0 = Debug|x64
		{E3A1945E-7408-4C86-8FEF-FA27AFCD2F56}.Debug|x64.ActiveCfg = Debug|x64
		{E3A1945E-7408-4C86-8FEF-FA27AFCD2F56}.Debug|x64.Build.0 = Debug|x64
		{E3A1945E-7408-4C86-8FEF-FA27AFCD2F56}.Debug|x64.Deploy.0 = Debug|x64
		{E3A1945E-7408-4C86-8FEF-FA27AFCD2F56}.Debug|x86.ActiveCfg = Debug|x86
		{E3A1945E-7408-4C86-8FEF-FA27AFCD2F56}.Debug|x86.Build.0 = Debug|x86
		{E3A1945E-7408-4C86-8FEF-FA27AFCD2F56}.Debug|x86.Deploy.0 = Debug|x86
		{E3A1945E-7408-4C86-8FEF-FA27AFCD2F56}.Release|Any CPU.ActiveCfg = Release|x64
		{E3A1945E-7408-4C86-8FEF-FA27AFCD2F56}.Release|Any CPU.Build.0 = Release|x64
		{E3A1945E-7408-4C86-8FEF-FA27AFCD2F56}.Release|Any CPU.Deploy.0 = Release|x64
		{E3A1945E-7408-4C86-8FEF-FA27AFCD2F56}.Release|ARM.ActiveCfg = Release|ARM
		{E3A1945E-7408-4C86-8FEF-FA27AFCD2F56}.Release|ARM.Build.0 = Release|ARM
		{E3A1945E-7408-4C86-8FEF-FA27AFCD2F56}.Release|ARM.Deploy.0 = Release|ARM
		{E3A1945E-7408-4C86-8FEF-FA27AFCD2F56}.Release|iPhone.ActiveCfg = Release|x64
		{E3A1945E-7408-4C86-8FEF-FA27AFCD2F56}.Release|iPhone.Build.0 = Release|x64
		{E3A1945E-7408-4C86-8FEF-FA27AFCD2F56}.Release|iPhone.Deploy.0 = Release|x64
		{E3A1945E-7408-4C86-8FEF-FA27AFCD2F56}.Release|iPhoneSimulator.ActiveCfg = Release|x64
		{E3A1945E-7408-4C86-8FEF-FA27AFCD2F56}.Release|iPhoneSimulator.Build.0 = Release|x64
		{E3A1945E-7408-4C86-8FEF-FA27AFCD2F56}.Release|iPhoneSimulator.Deploy.0 = Release|x64
		{E3A1945E-7408-4C86-8FEF-FA27AFCD2F56}.Release|x64.ActiveCfg = Release|x64
		{E3A1945E-7408-4C86-8FEF-FA27AFCD2F56}.Release|x64.Build.0 = Release|x64
		{E3A1945E-7408-4C86-8FEF-FA27AFCD2F56}.Release|x64.Deploy.0 = Release|x64
		{E3A1945E-7408-4C86-8FEF-FA27AFCD2F56}.Release|x86.ActiveCfg = Release|x86
		{E3A1945E-7408-4C86-8FEF-FA27AFCD2F56}.Release|x86.Build.0 = Release|x86
		{E3A1945E-7408-4C86-8FEF-FA27AFCD2F56}.Release|x86.Deploy.0 = Release|x86
		{A54DF0CC-37A4-4717-9361-7125CE3D7BA0}.Debug|Any CPU.ActiveCfg = Debug|Any CPU
		{A54DF0CC-37A4-4717-9361-7125CE3D7BA0}.Debug|Any CPU.Build.0 = Debug|Any CPU
		{A54DF0CC-37A4-4717-9361-7125CE3D7BA0}.Debug|Any CPU.Deploy.0 = Debug|Any CPU
		{A54DF0CC-37A4-4717-9361-7125CE3D7BA0}.Debug|ARM.ActiveCfg = Debug|Any CPU
		{A54DF0CC-37A4-4717-9361-7125CE3D7BA0}.Debug|ARM.Build.0 = Debug|Any CPU
		{A54DF0CC-37A4-4717-9361-7125CE3D7BA0}.Debug|ARM.Deploy.0 = Debug|Any CPU
		{A54DF0CC-37A4-4717-9361-7125CE3D7BA0}.Debug|iPhone.ActiveCfg = Debug|Any CPU
		{A54DF0CC-37A4-4717-9361-7125CE3D7BA0}.Debug|iPhone.Build.0 = Debug|Any CPU
		{A54DF0CC-37A4-4717-9361-7125CE3D7BA0}.Debug|iPhone.Deploy.0 = Debug|Any CPU
		{A54DF0CC-37A4-4717-9361-7125CE3D7BA0}.Debug|iPhoneSimulator.ActiveCfg = Debug|Any CPU
		{A54DF0CC-37A4-4717-9361-7125CE3D7BA0}.Debug|iPhoneSimulator.Build.0 = Debug|Any CPU
		{A54DF0CC-37A4-4717-9361-7125CE3D7BA0}.Debug|iPhoneSimulator.Deploy.0 = Debug|Any CPU
		{A54DF0CC-37A4-4717-9361-7125CE3D7BA0}.Debug|x64.ActiveCfg = Debug|Any CPU
		{A54DF0CC-37A4-4717-9361-7125CE3D7BA0}.Debug|x64.Build.0 = Debug|Any CPU
		{A54DF0CC-37A4-4717-9361-7125CE3D7BA0}.Debug|x64.Deploy.0 = Debug|Any CPU
		{A54DF0CC-37A4-4717-9361-7125CE3D7BA0}.Debug|x86.ActiveCfg = Debug|Any CPU
		{A54DF0CC-37A4-4717-9361-7125CE3D7BA0}.Debug|x86.Build.0 = Debug|Any CPU
		{A54DF0CC-37A4-4717-9361-7125CE3D7BA0}.Debug|x86.Deploy.0 = Debug|Any CPU
		{A54DF0CC-37A4-4717-9361-7125CE3D7BA0}.Release|Any CPU.ActiveCfg = Release|Any CPU
		{A54DF0CC-37A4-4717-9361-7125CE3D7BA0}.Release|Any CPU.Build.0 = Release|Any CPU
		{A54DF0CC-37A4-4717-9361-7125CE3D7BA0}.Release|Any CPU.Deploy.0 = Release|Any CPU
		{A54DF0CC-37A4-4717-9361-7125CE3D7BA0}.Release|ARM.ActiveCfg = Release|Any CPU
		{A54DF0CC-37A4-4717-9361-7125CE3D7BA0}.Release|ARM.Build.0 = Release|Any CPU
		{A54DF0CC-37A4-4717-9361-7125CE3D7BA0}.Release|ARM.Deploy.0 = Release|Any CPU
		{A54DF0CC-37A4-4717-9361-7125CE3D7BA0}.Release|iPhone.ActiveCfg = Release|Any CPU
		{A54DF0CC-37A4-4717-9361-7125CE3D7BA0}.Release|iPhone.Build.0 = Release|Any CPU
		{A54DF0CC-37A4-4717-9361-7125CE3D7BA0}.Release|iPhone.Deploy.0 = Release|Any CPU
		{A54DF0CC-37A4-4717-9361-7125CE3D7BA0}.Release|iPhoneSimulator.ActiveCfg = Release|Any CPU
		{A54DF0CC-37A4-4717-9361-7125CE3D7BA0}.Release|iPhoneSimulator.Build.0 = Release|Any CPU
		{A54DF0CC-37A4-4717-9361-7125CE3D7BA0}.Release|iPhoneSimulator.Deploy.0 = Release|Any CPU
		{A54DF0CC-37A4-4717-9361-7125CE3D7BA0}.Release|x64.ActiveCfg = Release|Any CPU
		{A54DF0CC-37A4-4717-9361-7125CE3D7BA0}.Release|x64.Build.0 = Release|Any CPU
		{A54DF0CC-37A4-4717-9361-7125CE3D7BA0}.Release|x64.Deploy.0 = Release|Any CPU
		{A54DF0CC-37A4-4717-9361-7125CE3D7BA0}.Release|x86.ActiveCfg = Release|Any CPU
		{A54DF0CC-37A4-4717-9361-7125CE3D7BA0}.Release|x86.Build.0 = Release|Any CPU
		{A54DF0CC-37A4-4717-9361-7125CE3D7BA0}.Release|x86.Deploy.0 = Release|Any CPU
		{84B0AA20-93A9-426A-ACCF-4FDA792CA2A7}.Debug|Any CPU.ActiveCfg = Debug|iPhoneSimulator
		{84B0AA20-93A9-426A-ACCF-4FDA792CA2A7}.Debug|Any CPU.Build.0 = Debug|iPhoneSimulator
		{84B0AA20-93A9-426A-ACCF-4FDA792CA2A7}.Debug|Any CPU.Deploy.0 = Debug|iPhoneSimulator
		{84B0AA20-93A9-426A-ACCF-4FDA792CA2A7}.Debug|ARM.ActiveCfg = Debug|iPhoneSimulator
		{84B0AA20-93A9-426A-ACCF-4FDA792CA2A7}.Debug|ARM.Build.0 = Debug|iPhoneSimulator
		{84B0AA20-93A9-426A-ACCF-4FDA792CA2A7}.Debug|ARM.Deploy.0 = Debug|iPhoneSimulator
		{84B0AA20-93A9-426A-ACCF-4FDA792CA2A7}.Debug|iPhone.ActiveCfg = Debug|iPhone
		{84B0AA20-93A9-426A-ACCF-4FDA792CA2A7}.Debug|iPhone.Build.0 = Debug|iPhone
		{84B0AA20-93A9-426A-ACCF-4FDA792CA2A7}.Debug|iPhone.Deploy.0 = Debug|iPhone
		{84B0AA20-93A9-426A-ACCF-4FDA792CA2A7}.Debug|iPhoneSimulator.ActiveCfg = Debug|iPhoneSimulator
		{84B0AA20-93A9-426A-ACCF-4FDA792CA2A7}.Debug|iPhoneSimulator.Build.0 = Debug|iPhoneSimulator
		{84B0AA20-93A9-426A-ACCF-4FDA792CA2A7}.Debug|iPhoneSimulator.Deploy.0 = Debug|iPhoneSimulator
		{84B0AA20-93A9-426A-ACCF-4FDA792CA2A7}.Debug|x64.ActiveCfg = Debug|iPhone
		{84B0AA20-93A9-426A-ACCF-4FDA792CA2A7}.Debug|x64.Build.0 = Debug|iPhone
		{84B0AA20-93A9-426A-ACCF-4FDA792CA2A7}.Debug|x64.Deploy.0 = Debug|iPhone
		{84B0AA20-93A9-426A-ACCF-4FDA792CA2A7}.Debug|x86.ActiveCfg = Debug|iPhoneSimulator
		{84B0AA20-93A9-426A-ACCF-4FDA792CA2A7}.Debug|x86.Build.0 = Debug|iPhoneSimulator
		{84B0AA20-93A9-426A-ACCF-4FDA792CA2A7}.Debug|x86.Deploy.0 = Debug|iPhoneSimulator
		{84B0AA20-93A9-426A-ACCF-4FDA792CA2A7}.Release|Any CPU.ActiveCfg = Release|iPhoneSimulator
		{84B0AA20-93A9-426A-ACCF-4FDA792CA2A7}.Release|Any CPU.Build.0 = Release|iPhoneSimulator
		{84B0AA20-93A9-426A-ACCF-4FDA792CA2A7}.Release|Any CPU.Deploy.0 = Release|iPhoneSimulator
		{84B0AA20-93A9-426A-ACCF-4FDA792CA2A7}.Release|ARM.ActiveCfg = Release|iPhoneSimulator
		{84B0AA20-93A9-426A-ACCF-4FDA792CA2A7}.Release|ARM.Build.0 = Release|iPhoneSimulator
		{84B0AA20-93A9-426A-ACCF-4FDA792CA2A7}.Release|ARM.Deploy.0 = Release|iPhoneSimulator
		{84B0AA20-93A9-426A-ACCF-4FDA792CA2A7}.Release|iPhone.ActiveCfg = Release|iPhone
		{84B0AA20-93A9-426A-ACCF-4FDA792CA2A7}.Release|iPhone.Build.0 = Release|iPhone
		{84B0AA20-93A9-426A-ACCF-4FDA792CA2A7}.Release|iPhone.Deploy.0 = Release|iPhone
		{84B0AA20-93A9-426A-ACCF-4FDA792CA2A7}.Release|iPhoneSimulator.ActiveCfg = Release|iPhoneSimulator
		{84B0AA20-93A9-426A-ACCF-4FDA792CA2A7}.Release|iPhoneSimulator.Build.0 = Release|iPhoneSimulator
		{84B0AA20-93A9-426A-ACCF-4FDA792CA2A7}.Release|iPhoneSimulator.Deploy.0 = Release|iPhoneSimulator
		{84B0AA20-93A9-426A-ACCF-4FDA792CA2A7}.Release|x64.ActiveCfg = Release|iPhoneSimulator
		{84B0AA20-93A9-426A-ACCF-4FDA792CA2A7}.Release|x64.Build.0 = Release|iPhoneSimulator
		{84B0AA20-93A9-426A-ACCF-4FDA792CA2A7}.Release|x64.Deploy.0 = Release|iPhoneSimulator
		{84B0AA20-93A9-426A-ACCF-4FDA792CA2A7}.Release|x86.ActiveCfg = Release|iPhoneSimulator
		{84B0AA20-93A9-426A-ACCF-4FDA792CA2A7}.Release|x86.Build.0 = Release|iPhoneSimulator
		{84B0AA20-93A9-426A-ACCF-4FDA792CA2A7}.Release|x86.Deploy.0 = Release|iPhoneSimulator
		{137E5367-34D4-425E-9DAC-B1D5BBDD7477}.Debug|Any CPU.ActiveCfg = Debug|Any CPU
		{137E5367-34D4-425E-9DAC-B1D5BBDD7477}.Debug|Any CPU.Build.0 = Debug|Any CPU
		{137E5367-34D4-425E-9DAC-B1D5BBDD7477}.Debug|Any CPU.Deploy.0 = Debug|Any CPU
		{137E5367-34D4-425E-9DAC-B1D5BBDD7477}.Debug|ARM.ActiveCfg = Debug|Any CPU
		{137E5367-34D4-425E-9DAC-B1D5BBDD7477}.Debug|ARM.Build.0 = Debug|Any CPU
		{137E5367-34D4-425E-9DAC-B1D5BBDD7477}.Debug|ARM.Deploy.0 = Debug|Any CPU
		{137E5367-34D4-425E-9DAC-B1D5BBDD7477}.Debug|iPhone.ActiveCfg = Debug|Any CPU
		{137E5367-34D4-425E-9DAC-B1D5BBDD7477}.Debug|iPhone.Build.0 = Debug|Any CPU
		{137E5367-34D4-425E-9DAC-B1D5BBDD7477}.Debug|iPhone.Deploy.0 = Debug|Any CPU
		{137E5367-34D4-425E-9DAC-B1D5BBDD7477}.Debug|iPhoneSimulator.ActiveCfg = Debug|Any CPU
		{137E5367-34D4-425E-9DAC-B1D5BBDD7477}.Debug|iPhoneSimulator.Build.0 = Debug|Any CPU
		{137E5367-34D4-425E-9DAC-B1D5BBDD7477}.Debug|iPhoneSimulator.Deploy.0 = Debug|Any CPU
		{137E5367-34D4-425E-9DAC-B1D5BBDD7477}.Debug|x64.ActiveCfg = Debug|Any CPU
		{137E5367-34D4-425E-9DAC-B1D5BBDD7477}.Debug|x64.Build.0 = Debug|Any CPU
		{137E5367-34D4-425E-9DAC-B1D5BBDD7477}.Debug|x64.Deploy.0 = Debug|Any CPU
		{137E5367-34D4-425E-9DAC-B1D5BBDD7477}.Debug|x86.ActiveCfg = Debug|Any CPU
		{137E5367-34D4-425E-9DAC-B1D5BBDD7477}.Debug|x86.Build.0 = Debug|Any CPU
		{137E5367-34D4-425E-9DAC-B1D5BBDD7477}.Debug|x86.Deploy.0 = Debug|Any CPU
		{137E5367-34D4-425E-9DAC-B1D5BBDD7477}.Release|Any CPU.ActiveCfg = Release|Any CPU
		{137E5367-34D4-425E-9DAC-B1D5BBDD7477}.Release|Any CPU.Build.0 = Release|Any CPU
		{137E5367-34D4-425E-9DAC-B1D5BBDD7477}.Release|Any CPU.Deploy.0 = Release|Any CPU
		{137E5367-34D4-425E-9DAC-B1D5BBDD7477}.Release|ARM.ActiveCfg = Release|Any CPU
		{137E5367-34D4-425E-9DAC-B1D5BBDD7477}.Release|ARM.Build.0 = Release|Any CPU
		{137E5367-34D4-425E-9DAC-B1D5BBDD7477}.Release|ARM.Deploy.0 = Release|Any CPU
		{137E5367-34D4-425E-9DAC-B1D5BBDD7477}.Release|iPhone.ActiveCfg = Release|Any CPU
		{137E5367-34D4-425E-9DAC-B1D5BBDD7477}.Release|iPhone.Build.0 = Release|Any CPU
		{137E5367-34D4-425E-9DAC-B1D5BBDD7477}.Release|iPhone.Deploy.0 = Release|Any CPU
		{137E5367-34D4-425E-9DAC-B1D5BBDD7477}.Release|iPhoneSimulator.ActiveCfg = Release|Any CPU
		{137E5367-34D4-425E-9DAC-B1D5BBDD7477}.Release|iPhoneSimulator.Build.0 = Release|Any CPU
		{137E5367-34D4-425E-9DAC-B1D5BBDD7477}.Release|iPhoneSimulator.Deploy.0 = Release|Any CPU
		{137E5367-34D4-425E-9DAC-B1D5BBDD7477}.Release|x64.ActiveCfg = Release|Any CPU
		{137E5367-34D4-425E-9DAC-B1D5BBDD7477}.Release|x64.Build.0 = Release|Any CPU
		{137E5367-34D4-425E-9DAC-B1D5BBDD7477}.Release|x64.Deploy.0 = Release|Any CPU
		{137E5367-34D4-425E-9DAC-B1D5BBDD7477}.Release|x86.ActiveCfg = Release|Any CPU
		{137E5367-34D4-425E-9DAC-B1D5BBDD7477}.Release|x86.Build.0 = Release|Any CPU
		{137E5367-34D4-425E-9DAC-B1D5BBDD7477}.Release|x86.Deploy.0 = Release|Any CPU
	EndGlobalSection
	GlobalSection(SolutionProperties) = preSolution
		HideSolutionNode = FALSE
	EndGlobalSection
	GlobalSection(ExtensibilityGlobals) = postSolution
		SolutionGuid = {98224C3E-577B-4E1A-A6D5-08FAABC77397}
	EndGlobalSection
EndGlobal
